// !$*UTF8*$!
{
	archiveVersion = 1;
	classes = {
	};
	objectVersion = 56;
	objects = {

/* Begin PBXBuildFile section */
		77069AE72A6AC81500C66FF6 /* image_spinnerApp.swift in Sources */ = {isa = PBXBuildFile; fileRef = 77069AE62A6AC81500C66FF6 /* image_spinnerApp.swift */; };
		77069AEB2A6AC81700C66FF6 /* Assets.xcassets in Resources */ = {isa = PBXBuildFile; fileRef = 77069AEA2A6AC81700C66FF6 /* Assets.xcassets */; };
		77069AEE2A6AC81700C66FF6 /* Preview Assets.xcassets in Resources */ = {isa = PBXBuildFile; fileRef = 77069AED2A6AC81700C66FF6 /* Preview Assets.xcassets */; };
		77069AF82A6AC81700C66FF6 /* image_spinnerTests.swift in Sources */ = {isa = PBXBuildFile; fileRef = 77069AF72A6AC81700C66FF6 /* image_spinnerTests.swift */; };
		77069B022A6AC81700C66FF6 /* image_spinnerUITests.swift in Sources */ = {isa = PBXBuildFile; fileRef = 77069B012A6AC81700C66FF6 /* image_spinnerUITests.swift */; };
		77069B042A6AC81700C66FF6 /* image_spinnerUITestsLaunchTests.swift in Sources */ = {isa = PBXBuildFile; fileRef = 77069B032A6AC81700C66FF6 /* image_spinnerUITestsLaunchTests.swift */; };
		77069B112A6AC88F00C66FF6 /* MainSpinnerView.swift in Sources */ = {isa = PBXBuildFile; fileRef = 77069B102A6AC88F00C66FF6 /* MainSpinnerView.swift */; };
		77069B132A6AC8DC00C66FF6 /* PulseView.swift in Sources */ = {isa = PBXBuildFile; fileRef = 77069B122A6AC8DC00C66FF6 /* PulseView.swift */; };
		77069B152A6ACAA200C66FF6 /* PulseViewModel.swift in Sources */ = {isa = PBXBuildFile; fileRef = 77069B142A6ACAA200C66FF6 /* PulseViewModel.swift */; };
		77069B172A6ACE1D00C66FF6 /* SpinnerViewModel.swift in Sources */ = {isa = PBXBuildFile; fileRef = 77069B162A6ACE1D00C66FF6 /* SpinnerViewModel.swift */; };
/* End PBXBuildFile section */

/* Begin PBXContainerItemProxy section */
		77069AF42A6AC81700C66FF6 /* PBXContainerItemProxy */ = {
			isa = PBXContainerItemProxy;
			containerPortal = 77069ADB2A6AC81500C66FF6 /* Project object */;
			proxyType = 1;
			remoteGlobalIDString = 77069AE22A6AC81500C66FF6;
			remoteInfo = "image-spinner";
		};
		77069AFE2A6AC81700C66FF6 /* PBXContainerItemProxy */ = {
			isa = PBXContainerItemProxy;
			containerPortal = 77069ADB2A6AC81500C66FF6 /* Project object */;
			proxyType = 1;
			remoteGlobalIDString = 77069AE22A6AC81500C66FF6;
			remoteInfo = "image-spinner";
		};
/* End PBXContainerItemProxy section */

/* Begin PBXFileReference section */
		77069AE32A6AC81500C66FF6 /* image-spinner.app */ = {isa = PBXFileReference; explicitFileType = wrapper.application; includeInIndex = 0; path = "image-spinner.app"; sourceTree = BUILT_PRODUCTS_DIR; };
		77069AE62A6AC81500C66FF6 /* image_spinnerApp.swift */ = {isa = PBXFileReference; lastKnownFileType = sourcecode.swift; path = image_spinnerApp.swift; sourceTree = "<group>"; };
		77069AEA2A6AC81700C66FF6 /* Assets.xcassets */ = {isa = PBXFileReference; lastKnownFileType = folder.assetcatalog; path = Assets.xcassets; sourceTree = "<group>"; };
		77069AED2A6AC81700C66FF6 /* Preview Assets.xcassets */ = {isa = PBXFileReference; lastKnownFileType = folder.assetcatalog; path = "Preview Assets.xcassets"; sourceTree = "<group>"; };
		77069AF32A6AC81700C66FF6 /* image-spinnerTests.xctest */ = {isa = PBXFileReference; explicitFileType = wrapper.cfbundle; includeInIndex = 0; path = "image-spinnerTests.xctest"; sourceTree = BUILT_PRODUCTS_DIR; };
		77069AF72A6AC81700C66FF6 /* image_spinnerTests.swift */ = {isa = PBXFileReference; lastKnownFileType = sourcecode.swift; path = image_spinnerTests.swift; sourceTree = "<group>"; };
		77069AFD2A6AC81700C66FF6 /* image-spinnerUITests.xctest */ = {isa = PBXFileReference; explicitFileType = wrapper.cfbundle; includeInIndex = 0; path = "image-spinnerUITests.xctest"; sourceTree = BUILT_PRODUCTS_DIR; };
		77069B012A6AC81700C66FF6 /* image_spinnerUITests.swift */ = {isa = PBXFileReference; lastKnownFileType = sourcecode.swift; path = image_spinnerUITests.swift; sourceTree = "<group>"; };
		77069B032A6AC81700C66FF6 /* image_spinnerUITestsLaunchTests.swift */ = {isa = PBXFileReference; lastKnownFileType = sourcecode.swift; path = image_spinnerUITestsLaunchTests.swift; sourceTree = "<group>"; };
		77069B102A6AC88F00C66FF6 /* MainSpinnerView.swift */ = {isa = PBXFileReference; lastKnownFileType = sourcecode.swift; path = MainSpinnerView.swift; sourceTree = "<group>"; };
		77069B122A6AC8DC00C66FF6 /* PulseView.swift */ = {isa = PBXFileReference; lastKnownFileType = sourcecode.swift; path = PulseView.swift; sourceTree = "<group>"; };
		77069B142A6ACAA200C66FF6 /* PulseViewModel.swift */ = {isa = PBXFileReference; lastKnownFileType = sourcecode.swift; path = PulseViewModel.swift; sourceTree = "<group>"; };
		77069B162A6ACE1D00C66FF6 /* SpinnerViewModel.swift */ = {isa = PBXFileReference; lastKnownFileType = sourcecode.swift; path = SpinnerViewModel.swift; sourceTree = "<group>"; };
/* End PBXFileReference section */

/* Begin PBXFrameworksBuildPhase section */
		77069AE02A6AC81500C66FF6 /* Frameworks */ = {
			isa = PBXFrameworksBuildPhase;
			buildActionMask = 2147483647;
			files = (
			);
			runOnlyForDeploymentPostprocessing = 0;
		};
		77069AF02A6AC81700C66FF6 /* Frameworks */ = {
			isa = PBXFrameworksBuildPhase;
			buildActionMask = 2147483647;
			files = (
			);
			runOnlyForDeploymentPostprocessing = 0;
		};
		77069AFA2A6AC81700C66FF6 /* Frameworks */ = {
			isa = PBXFrameworksBuildPhase;
			buildActionMask = 2147483647;
			files = (
			);
			runOnlyForDeploymentPostprocessing = 0;
		};
/* End PBXFrameworksBuildPhase section */

/* Begin PBXGroup section */
		77069ADA2A6AC81500C66FF6 = {
			isa = PBXGroup;
			children = (
				77069AE52A6AC81500C66FF6 /* image-spinner */,
				77069AF62A6AC81700C66FF6 /* image-spinnerTests */,
				77069B002A6AC81700C66FF6 /* image-spinnerUITests */,
				77069AE42A6AC81500C66FF6 /* Products */,
			);
			sourceTree = "<group>";
		};
		77069AE42A6AC81500C66FF6 /* Products */ = {
			isa = PBXGroup;
			children = (
				77069AE32A6AC81500C66FF6 /* image-spinner.app */,
				77069AF32A6AC81700C66FF6 /* image-spinnerTests.xctest */,
				77069AFD2A6AC81700C66FF6 /* image-spinnerUITests.xctest */,
			);
			name = Products;
			sourceTree = "<group>";
		};
		77069AE52A6AC81500C66FF6 /* image-spinner */ = {
			isa = PBXGroup;
			children = (
				77069B1C2A6EB1F000C66FF6 /* SpinnerTypes */,
				77069AE62A6AC81500C66FF6 /* image_spinnerApp.swift */,
				77069AEA2A6AC81700C66FF6 /* Assets.xcassets */,
				77069AEC2A6AC81700C66FF6 /* Preview Content */,
				77069B102A6AC88F00C66FF6 /* MainSpinnerView.swift */,
				77069B162A6ACE1D00C66FF6 /* SpinnerViewModel.swift */,
			);
			path = "image-spinner";
			sourceTree = "<group>";
		};
		77069AEC2A6AC81700C66FF6 /* Preview Content */ = {
			isa = PBXGroup;
			children = (
				77069AED2A6AC81700C66FF6 /* Preview Assets.xcassets */,
			);
			path = "Preview Content";
			sourceTree = "<group>";
		};
		77069AF62A6AC81700C66FF6 /* image-spinnerTests */ = {
			isa = PBXGroup;
			children = (
				77069AF72A6AC81700C66FF6 /* image_spinnerTests.swift */,
			);
			path = "image-spinnerTests";
			sourceTree = "<group>";
		};
		77069B002A6AC81700C66FF6 /* image-spinnerUITests */ = {
			isa = PBXGroup;
			children = (
				77069B012A6AC81700C66FF6 /* image_spinnerUITests.swift */,
				77069B032A6AC81700C66FF6 /* image_spinnerUITestsLaunchTests.swift */,
			);
			path = "image-spinnerUITests";
			sourceTree = "<group>";
		};
		77069B1C2A6EB1F000C66FF6 /* SpinnerTypes */ = {
			isa = PBXGroup;
			children = (
				77069B1D2A6EB1F900C66FF6 /* Pulse */,
			);
			path = SpinnerTypes;
			sourceTree = "<group>";
		};
		77069B1D2A6EB1F900C66FF6 /* Pulse */ = {
			isa = PBXGroup;
			children = (
				77069B122A6AC8DC00C66FF6 /* PulseView.swift */,
				77069B142A6ACAA200C66FF6 /* PulseViewModel.swift */,
			);
			path = Pulse;
			sourceTree = "<group>";
		};
/* End PBXGroup section */

/* Begin PBXNativeTarget section */
		77069AE22A6AC81500C66FF6 /* image-spinner */ = {
			isa = PBXNativeTarget;
			buildConfigurationList = 77069B072A6AC81700C66FF6 /* Build configuration list for PBXNativeTarget "image-spinner" */;
			buildPhases = (
				77069ADF2A6AC81500C66FF6 /* Sources */,
				77069AE02A6AC81500C66FF6 /* Frameworks */,
				77069AE12A6AC81500C66FF6 /* Resources */,
			);
			buildRules = (
			);
			dependencies = (
			);
			name = "image-spinner";
			productName = "image-spinner";
			productReference = 77069AE32A6AC81500C66FF6 /* image-spinner.app */;
			productType = "com.apple.product-type.application";
		};
		77069AF22A6AC81700C66FF6 /* image-spinnerTests */ = {
			isa = PBXNativeTarget;
			buildConfigurationList = 77069B0A2A6AC81700C66FF6 /* Build configuration list for PBXNativeTarget "image-spinnerTests" */;
			buildPhases = (
				77069AEF2A6AC81700C66FF6 /* Sources */,
				77069AF02A6AC81700C66FF6 /* Frameworks */,
				77069AF12A6AC81700C66FF6 /* Resources */,
			);
			buildRules = (
			);
			dependencies = (
				77069AF52A6AC81700C66FF6 /* PBXTargetDependency */,
			);
			name = "image-spinnerTests";
			productName = "image-spinnerTests";
			productReference = 77069AF32A6AC81700C66FF6 /* image-spinnerTests.xctest */;
			productType = "com.apple.product-type.bundle.unit-test";
		};
		77069AFC2A6AC81700C66FF6 /* image-spinnerUITests */ = {
			isa = PBXNativeTarget;
			buildConfigurationList = 77069B0D2A6AC81700C66FF6 /* Build configuration list for PBXNativeTarget "image-spinnerUITests" */;
			buildPhases = (
				77069AF92A6AC81700C66FF6 /* Sources */,
				77069AFA2A6AC81700C66FF6 /* Frameworks */,
				77069AFB2A6AC81700C66FF6 /* Resources */,
			);
			buildRules = (
			);
			dependencies = (
				77069AFF2A6AC81700C66FF6 /* PBXTargetDependency */,
			);
			name = "image-spinnerUITests";
			productName = "image-spinnerUITests";
			productReference = 77069AFD2A6AC81700C66FF6 /* image-spinnerUITests.xctest */;
			productType = "com.apple.product-type.bundle.ui-testing";
		};
/* End PBXNativeTarget section */

/* Begin PBXProject section */
		77069ADB2A6AC81500C66FF6 /* Project object */ = {
			isa = PBXProject;
			attributes = {
				BuildIndependentTargetsInParallel = 1;
				LastSwiftUpdateCheck = 1430;
				LastUpgradeCheck = 1430;
				TargetAttributes = {
					77069AE22A6AC81500C66FF6 = {
						CreatedOnToolsVersion = 14.3.1;
					};
					77069AF22A6AC81700C66FF6 = {
						CreatedOnToolsVersion = 14.3.1;
						TestTargetID = 77069AE22A6AC81500C66FF6;
					};
					77069AFC2A6AC81700C66FF6 = {
						CreatedOnToolsVersion = 14.3.1;
						TestTargetID = 77069AE22A6AC81500C66FF6;
					};
				};
			};
			buildConfigurationList = 77069ADE2A6AC81500C66FF6 /* Build configuration list for PBXProject "image-spinner" */;
			compatibilityVersion = "Xcode 14.0";
			developmentRegion = en;
			hasScannedForEncodings = 0;
			knownRegions = (
				en,
				Base,
			);
			mainGroup = 77069ADA2A6AC81500C66FF6;
			productRefGroup = 77069AE42A6AC81500C66FF6 /* Products */;
			projectDirPath = "";
			projectRoot = "";
			targets = (
				77069AE22A6AC81500C66FF6 /* image-spinner */,
				77069AF22A6AC81700C66FF6 /* image-spinnerTests */,
				77069AFC2A6AC81700C66FF6 /* image-spinnerUITests */,
			);
		};
/* End PBXProject section */

/* Begin PBXResourcesBuildPhase section */
		77069AE12A6AC81500C66FF6 /* Resources */ = {
			isa = PBXResourcesBuildPhase;
			buildActionMask = 2147483647;
			files = (
				77069AEE2A6AC81700C66FF6 /* Preview Assets.xcassets in Resources */,
				77069AEB2A6AC81700C66FF6 /* Assets.xcassets in Resources */,
			);
			runOnlyForDeploymentPostprocessing = 0;
		};
		77069AF12A6AC81700C66FF6 /* Resources */ = {
			isa = PBXResourcesBuildPhase;
			buildActionMask = 2147483647;
			files = (
			);
			runOnlyForDeploymentPostprocessing = 0;
		};
		77069AFB2A6AC81700C66FF6 /* Resources */ = {
			isa = PBXResourcesBuildPhase;
			buildActionMask = 2147483647;
			files = (
			);
			runOnlyForDeploymentPostprocessing = 0;
		};
/* End PBXResourcesBuildPhase section */

/* Begin PBXSourcesBuildPhase section */
		77069ADF2A6AC81500C66FF6 /* Sources */ = {
			isa = PBXSourcesBuildPhase;
			buildActionMask = 2147483647;
			files = (
				77069B132A6AC8DC00C66FF6 /* PulseView.swift in Sources */,
				77069B172A6ACE1D00C66FF6 /* SpinnerViewModel.swift in Sources */,
				77069AE72A6AC81500C66FF6 /* image_spinnerApp.swift in Sources */,
				77069B112A6AC88F00C66FF6 /* MainSpinnerView.swift in Sources */,
				77069B152A6ACAA200C66FF6 /* PulseViewModel.swift in Sources */,
			);
			runOnlyForDeploymentPostprocessing = 0;
		};
		77069AEF2A6AC81700C66FF6 /* Sources */ = {
			isa = PBXSourcesBuildPhase;
			buildActionMask = 2147483647;
			files = (
				77069AF82A6AC81700C66FF6 /* image_spinnerTests.swift in Sources */,
			);
			runOnlyForDeploymentPostprocessing = 0;
		};
		77069AF92A6AC81700C66FF6 /* Sources */ = {
			isa = PBXSourcesBuildPhase;
			buildActionMask = 2147483647;
			files = (
				77069B042A6AC81700C66FF6 /* image_spinnerUITestsLaunchTests.swift in Sources */,
				77069B022A6AC81700C66FF6 /* image_spinnerUITests.swift in Sources */,
			);
			runOnlyForDeploymentPostprocessing = 0;
		};
/* End PBXSourcesBuildPhase section */

/* Begin PBXTargetDependency section */
		77069AF52A6AC81700C66FF6 /* PBXTargetDependency */ = {
			isa = PBXTargetDependency;
			target = 77069AE22A6AC81500C66FF6 /* image-spinner */;
			targetProxy = 77069AF42A6AC81700C66FF6 /* PBXContainerItemProxy */;
		};
		77069AFF2A6AC81700C66FF6 /* PBXTargetDependency */ = {
			isa = PBXTargetDependency;
			target = 77069AE22A6AC81500C66FF6 /* image-spinner */;
			targetProxy = 77069AFE2A6AC81700C66FF6 /* PBXContainerItemProxy */;
		};
/* End PBXTargetDependency section */

/* Begin XCBuildConfiguration section */
		77069B052A6AC81700C66FF6 /* Debug */ = {
			isa = XCBuildConfiguration;
			buildSettings = {
				ALWAYS_SEARCH_USER_PATHS = NO;
				CLANG_ANALYZER_NONNULL = YES;
				CLANG_ANALYZER_NUMBER_OBJECT_CONVERSION = YES_AGGRESSIVE;
				CLANG_CXX_LANGUAGE_STANDARD = "gnu++20";
				CLANG_ENABLE_MODULES = YES;
				CLANG_ENABLE_OBJC_ARC = YES;
				CLANG_ENABLE_OBJC_WEAK = YES;
				CLANG_WARN_BLOCK_CAPTURE_AUTORELEASING = YES;
				CLANG_WARN_BOOL_CONVERSION = YES;
				CLANG_WARN_COMMA = YES;
				CLANG_WARN_CONSTANT_CONVERSION = YES;
				CLANG_WARN_DEPRECATED_OBJC_IMPLEMENTATIONS = YES;
				CLANG_WARN_DIRECT_OBJC_ISA_USAGE = YES_ERROR;
				CLANG_WARN_DOCUMENTATION_COMMENTS = YES;
				CLANG_WARN_EMPTY_BODY = YES;
				CLANG_WARN_ENUM_CONVERSION = YES;
				CLANG_WARN_INFINITE_RECURSION = YES;
				CLANG_WARN_INT_CONVERSION = YES;
				CLANG_WARN_NON_LITERAL_NULL_CONVERSION = YES;
				CLANG_WARN_OBJC_IMPLICIT_RETAIN_SELF = YES;
				CLANG_WARN_OBJC_LITERAL_CONVERSION = YES;
				CLANG_WARN_OBJC_ROOT_CLASS = YES_ERROR;
				CLANG_WARN_QUOTED_INCLUDE_IN_FRAMEWORK_HEADER = YES;
				CLANG_WARN_RANGE_LOOP_ANALYSIS = YES;
				CLANG_WARN_STRICT_PROTOTYPES = YES;
				CLANG_WARN_SUSPICIOUS_MOVE = YES;
				CLANG_WARN_UNGUARDED_AVAILABILITY = YES_AGGRESSIVE;
				CLANG_WARN_UNREACHABLE_CODE = YES;
				CLANG_WARN__DUPLICATE_METHOD_MATCH = YES;
				COPY_PHASE_STRIP = NO;
				DEBUG_INFORMATION_FORMAT = dwarf;
				ENABLE_STRICT_OBJC_MSGSEND = YES;
				ENABLE_TESTABILITY = YES;
				GCC_C_LANGUAGE_STANDARD = gnu11;
				GCC_DYNAMIC_NO_PIC = NO;
				GCC_NO_COMMON_BLOCKS = YES;
				GCC_OPTIMIZATION_LEVEL = 0;
				GCC_PREPROCESSOR_DEFINITIONS = (
					"DEBUG=1",
					"$(inherited)",
				);
				GCC_WARN_64_TO_32_BIT_CONVERSION = YES;
				GCC_WARN_ABOUT_RETURN_TYPE = YES_ERROR;
				GCC_WARN_UNDECLARED_SELECTOR = YES;
				GCC_WARN_UNINITIALIZED_AUTOS = YES_AGGRESSIVE;
				GCC_WARN_UNUSED_FUNCTION = YES;
				GCC_WARN_UNUSED_VARIABLE = YES;
				IPHONEOS_DEPLOYMENT_TARGET = 16.4;
				MTL_ENABLE_DEBUG_INFO = INCLUDE_SOURCE;
				MTL_FAST_MATH = YES;
				ONLY_ACTIVE_ARCH = YES;
				SDKROOT = iphoneos;
				SWIFT_ACTIVE_COMPILATION_CONDITIONS = DEBUG;
				SWIFT_OPTIMIZATION_LEVEL = "-Onone";
			};
			name = Debug;
		};
		77069B062A6AC81700C66FF6 /* Release */ = {
			isa = XCBuildConfiguration;
			buildSettings = {
				ALWAYS_SEARCH_USER_PATHS = NO;
				CLANG_ANALYZER_NONNULL = YES;
				CLANG_ANALYZER_NUMBER_OBJECT_CONVERSION = YES_AGGRESSIVE;
				CLANG_CXX_LANGUAGE_STANDARD = "gnu++20";
				CLANG_ENABLE_MODULES = YES;
				CLANG_ENABLE_OBJC_ARC = YES;
				CLANG_ENABLE_OBJC_WEAK = YES;
				CLANG_WARN_BLOCK_CAPTURE_AUTORELEASING = YES;
				CLANG_WARN_BOOL_CONVERSION = YES;
				CLANG_WARN_COMMA = YES;
				CLANG_WARN_CONSTANT_CONVERSION = YES;
				CLANG_WARN_DEPRECATED_OBJC_IMPLEMENTATIONS = YES;
				CLANG_WARN_DIRECT_OBJC_ISA_USAGE = YES_ERROR;
				CLANG_WARN_DOCUMENTATION_COMMENTS = YES;
				CLANG_WARN_EMPTY_BODY = YES;
				CLANG_WARN_ENUM_CONVERSION = YES;
				CLANG_WARN_INFINITE_RECURSION = YES;
				CLANG_WARN_INT_CONVERSION = YES;
				CLANG_WARN_NON_LITERAL_NULL_CONVERSION = YES;
				CLANG_WARN_OBJC_IMPLICIT_RETAIN_SELF = YES;
				CLANG_WARN_OBJC_LITERAL_CONVERSION = YES;
				CLANG_WARN_OBJC_ROOT_CLASS = YES_ERROR;
				CLANG_WARN_QUOTED_INCLUDE_IN_FRAMEWORK_HEADER = YES;
				CLANG_WARN_RANGE_LOOP_ANALYSIS = YES;
				CLANG_WARN_STRICT_PROTOTYPES = YES;
				CLANG_WARN_SUSPICIOUS_MOVE = YES;
				CLANG_WARN_UNGUARDED_AVAILABILITY = YES_AGGRESSIVE;
				CLANG_WARN_UNREACHABLE_CODE = YES;
				CLANG_WARN__DUPLICATE_METHOD_MATCH = YES;
				COPY_PHASE_STRIP = NO;
				DEBUG_INFORMATION_FORMAT = "dwarf-with-dsym";
				ENABLE_NS_ASSERTIONS = NO;
				ENABLE_STRICT_OBJC_MSGSEND = YES;
				GCC_C_LANGUAGE_STANDARD = gnu11;
				GCC_NO_COMMON_BLOCKS = YES;
				GCC_WARN_64_TO_32_BIT_CONVERSION = YES;
				GCC_WARN_ABOUT_RETURN_TYPE = YES_ERROR;
				GCC_WARN_UNDECLARED_SELECTOR = YES;
				GCC_WARN_UNINITIALIZED_AUTOS = YES_AGGRESSIVE;
				GCC_WARN_UNUSED_FUNCTION = YES;
				GCC_WARN_UNUSED_VARIABLE = YES;
				IPHONEOS_DEPLOYMENT_TARGET = 16.4;
				MTL_ENABLE_DEBUG_INFO = NO;
				MTL_FAST_MATH = YES;
				SDKROOT = iphoneos;
				SWIFT_COMPILATION_MODE = wholemodule;
				SWIFT_OPTIMIZATION_LEVEL = "-O";
				VALIDATE_PRODUCT = YES;
			};
			name = Release;
		};
		77069B082A6AC81700C66FF6 /* Debug */ = {
			isa = XCBuildConfiguration;
			buildSettings = {
				ASSETCATALOG_COMPILER_APPICON_NAME = AppIcon;
				ASSETCATALOG_COMPILER_GLOBAL_ACCENT_COLOR_NAME = AccentColor;
				CODE_SIGN_STYLE = Automatic;
				CURRENT_PROJECT_VERSION = 1;
				DEVELOPMENT_ASSET_PATHS = "\"image-spinner/Preview Content\"";
				DEVELOPMENT_TEAM = X9364P9AF2;
				ENABLE_PREVIEWS = YES;
				GENERATE_INFOPLIST_FILE = YES;
				INFOPLIST_KEY_UIApplicationSceneManifest_Generation = YES;
				INFOPLIST_KEY_UIApplicationSupportsIndirectInputEvents = YES;
				INFOPLIST_KEY_UILaunchScreen_Generation = YES;
				INFOPLIST_KEY_UISupportedInterfaceOrientations_iPad = "UIInterfaceOrientationPortrait UIInterfaceOrientationPortraitUpsideDown UIInterfaceOrientationLandscapeLeft UIInterfaceOrientationLandscapeRight";
				INFOPLIST_KEY_UISupportedInterfaceOrientations_iPhone = "UIInterfaceOrientationPortrait UIInterfaceOrientationLandscapeLeft UIInterfaceOrientationLandscapeRight";
				LD_RUNPATH_SEARCH_PATHS = (
					"$(inherited)",
					"@executable_path/Frameworks",
				);
				MARKETING_VERSION = 1.0;
				PRODUCT_BUNDLE_IDENTIFIER = "com.rollinsio.image-spinner";
				PRODUCT_NAME = "$(TARGET_NAME)";
				SWIFT_EMIT_LOC_STRINGS = YES;
				SWIFT_VERSION = 5.0;
				TARGETED_DEVICE_FAMILY = "1,2";
			};
			name = Debug;
		};
		77069B092A6AC81700C66FF6 /* Release */ = {
			isa = XCBuildConfiguration;
			buildSettings = {
				ASSETCATALOG_COMPILER_APPICON_NAME = AppIcon;
				ASSETCATALOG_COMPILER_GLOBAL_ACCENT_COLOR_NAME = AccentColor;
				CODE_SIGN_STYLE = Automatic;
				CURRENT_PROJECT_VERSION = 1;
				DEVELOPMENT_ASSET_PATHS = "\"image-spinner/Preview Content\"";
				DEVELOPMENT_TEAM = X9364P9AF2;
				ENABLE_PREVIEWS = YES;
				GENERATE_INFOPLIST_FILE = YES;
				INFOPLIST_KEY_UIApplicationSceneManifest_Generation = YES;
				INFOPLIST_KEY_UIApplicationSupportsIndirectInputEvents = YES;
				INFOPLIST_KEY_UILaunchScreen_Generation = YES;
				INFOPLIST_KEY_UISupportedInterfaceOrientations_iPad = "UIInterfaceOrientationPortrait UIInterfaceOrientationPortraitUpsideDown UIInterfaceOrientationLandscapeLeft UIInterfaceOrientationLandscapeRight";
				INFOPLIST_KEY_UISupportedInterfaceOrientations_iPhone = "UIInterfaceOrientationPortrait UIInterfaceOrientationLandscapeLeft UIInterfaceOrientationLandscapeRight";
				LD_RUNPATH_SEARCH_PATHS = (
					"$(inherited)",
					"@executable_path/Frameworks",
				);
				MARKETING_VERSION = 1.0;
				PRODUCT_BUNDLE_IDENTIFIER = "com.rollinsio.image-spinner";
				PRODUCT_NAME = "$(TARGET_NAME)";
				SWIFT_EMIT_LOC_STRINGS = YES;
				SWIFT_VERSION = 5.0;
				TARGETED_DEVICE_FAMILY = "1,2";
			};
			name = Release;
		};
		77069B0B2A6AC81700C66FF6 /* Debug */ = {
			isa = XCBuildConfiguration;
			buildSettings = {
				ALWAYS_EMBED_SWIFT_STANDARD_LIBRARIES = YES;
				BUNDLE_LOADER = "$(TEST_HOST)";
				CODE_SIGN_STYLE = Automatic;
				CURRENT_PROJECT_VERSION = 1;
				DEVELOPMENT_TEAM = X9364P9AF2;
				GENERATE_INFOPLIST_FILE = YES;
				IPHONEOS_DEPLOYMENT_TARGET = 16.4;
				MARKETING_VERSION = 1.0;
				PRODUCT_BUNDLE_IDENTIFIER = "com.rollinsio.image-spinnerTests";
				PRODUCT_NAME = "$(TARGET_NAME)";
				SWIFT_EMIT_LOC_STRINGS = NO;
				SWIFT_VERSION = 5.0;
				TARGETED_DEVICE_FAMILY = "1,2";
				TEST_HOST = "$(BUILT_PRODUCTS_DIR)/image-spinner.app/$(BUNDLE_EXECUTABLE_FOLDER_PATH)/image-spinner";
			};
			name = Debug;
		};
		77069B0C2A6AC81700C66FF6 /* Release */ = {
			isa = XCBuildConfiguration;
			buildSettings = {
				ALWAYS_EMBED_SWIFT_STANDARD_LIBRARIES = YES;
				BUNDLE_LOADER = "$(TEST_HOST)";
				CODE_SIGN_STYLE = Automatic;
				CURRENT_PROJECT_VERSION = 1;
				DEVELOPMENT_TEAM = X9364P9AF2;
				GENERATE_INFOPLIST_FILE = YES;
				IPHONEOS_DEPLOYMENT_TARGET = 16.4;
				MARKETING_VERSION = 1.0;
				PRODUCT_BUNDLE_IDENTIFIER = "com.rollinsio.image-spinnerTests";
				PRODUCT_NAME = "$(TARGET_NAME)";
				SWIFT_EMIT_LOC_STRINGS = NO;
				SWIFT_VERSION = 5.0;
				TARGETED_DEVICE_FAMILY = "1,2";
				TEST_HOST = "$(BUILT_PRODUCTS_DIR)/image-spinner.app/$(BUNDLE_EXECUTABLE_FOLDER_PATH)/image-spinner";
			};
			name = Release;
		};
		77069B0E2A6AC81700C66FF6 /* Debug */ = {
			isa = XCBuildConfiguration;
			buildSettings = {
				ALWAYS_EMBED_SWIFT_STANDARD_LIBRARIES = YES;
				CODE_SIGN_STYLE = Automatic;
				CURRENT_PROJECT_VERSION = 1;
				DEVELOPMENT_TEAM = X9364P9AF2;
				GENERATE_INFOPLIST_FILE = YES;
				MARKETING_VERSION = 1.0;
				PRODUCT_BUNDLE_IDENTIFIER = "com.rollinsio.image-spinnerUITests";
				PRODUCT_NAME = "$(TARGET_NAME)";
				SWIFT_EMIT_LOC_STRINGS = NO;
				SWIFT_VERSION = 5.0;
				TARGETED_DEVICE_FAMILY = "1,2";
				TEST_TARGET_NAME = "image-spinner";
			};
			name = Debug;
		};
		77069B0F2A6AC81700C66FF6 /* Release */ = {
			isa = XCBuildConfiguration;
			buildSettings = {
				ALWAYS_EMBED_SWIFT_STANDARD_LIBRARIES = YES;
				CODE_SIGN_STYLE = Automatic;
				CURRENT_PROJECT_VERSION = 1;
				DEVELOPMENT_TEAM = X9364P9AF2;
				GENERATE_INFOPLIST_FILE = YES;
				MARKETING_VERSION = 1.0;
				PRODUCT_BUNDLE_IDENTIFIER = "com.rollinsio.image-spinnerUITests";
				PRODUCT_NAME = "$(TARGET_NAME)";
				SWIFT_EMIT_LOC_STRINGS = NO;
				SWIFT_VERSION = 5.0;
				TARGETED_DEVICE_FAMILY = "1,2";
				TEST_TARGET_NAME = "image-spinner";
			};
			name = Release;
		};
/* End XCBuildConfiguration section */

/* Begin XCConfigurationList section */
		77069ADE2A6AC81500C66FF6 /* Build configuration list for PBXProject "image-spinner" */ = {
			isa = XCConfigurationList;
			buildConfigurations = (
				77069B052A6AC81700C66FF6 /* Debug */,
				77069B062A6AC81700C66FF6 /* Release */,
			);
			defaultConfigurationIsVisible = 0;
			defaultConfigurationName = Release;
		};
		77069B072A6AC81700C66FF6 /* Build configuration list for PBXNativeTarget "image-spinner" */ = {
			isa = XCConfigurationList;
			buildConfigurations = (
				77069B082A6AC81700C66FF6 /* Debug */,
				77069B092A6AC81700C66FF6 /* Release */,
			);
			defaultConfigurationIsVisible = 0;
			defaultConfigurationName = Release;
		};
		77069B0A2A6AC81700C66FF6 /* Build configuration list for PBXNativeTarget "image-spinnerTests" */ = {
			isa = XCConfigurationList;
			buildConfigurations = (
				77069B0B2A6AC81700C66FF6 /* Debug */,
				77069B0C2A6AC81700C66FF6 /* Release */,
			);
			defaultConfigurationIsVisible = 0;
			defaultConfigurationName = Release;
		};
		77069B0D2A6AC81700C66FF6 /* Build configuration list for PBXNativeTarget "image-spinnerUITests" */ = {
			isa = XCConfigurationList;
			buildConfigurations = (
				77069B0E2A6AC81700C66FF6 /* Debug */,
				77069B0F2A6AC81700C66FF6 /* Release */,
			);
			defaultConfigurationIsVisible = 0;
			defaultConfigurationName = Release;
		};
/* End XCConfigurationList section */
	};
	rootObject = 77069ADB2A6AC81500C66FF6 /* Project object */;
}
